
Microsoft Visual Studio Solution File, Format Version 12.00
# Visual Studio Version 17
VisualStudioVersion = 17.8.34525.116
MinimumVisualStudioVersion = 10.0.40219.1
Project("{9A19103F-16F7-4668-BE54-9A1E7A4F7556}") = "NeufboxRestClient", "NeufboxRestClient\NeufboxRestClient.csproj", "{160C90AE-6A66-4C04-BB5E-C6BDF102216C}"
EndProject
Project("{9A19103F-16F7-4668-BE54-9A1E7A4F7556}") = "UnitTests", "UnitTests\UnitTests.csproj", "{56A6A90F-2BB3-4716-B230-CB5ABA303784}"
EndProject
Global
	GlobalSection(SolutionConfigurationPlatforms) = preSolution
		Debug|Any CPU = Debug|Any CPU
		Release|Any CPU = Release|Any CPU
	EndGlobalSection
	GlobalSection(ProjectConfigurationPlatforms) = postSolution
		{160C90AE-6A66-4C04-BB5E-C6BDF102216C}.Debug|Any CPU.ActiveCfg = Debug|Any CPU
		{160C90AE-6A66-4C04-BB5E-C6BDF102216C}.Debug|Any CPU.Build.0 = Debug|Any CPU
		{160C90AE-6A66-4C04-BB5E-C6BDF102216C}.Release|Any CPU.ActiveCfg = Release|Any CPU
		{160C90AE-6A66-4C04-BB5E-C6BDF102216C}.Release|Any CPU.Build.0 = Release|Any CPU
		{56A6A90F-2BB3-4716-B230-CB5ABA303784}.Debug|Any CPU.ActiveCfg = Debug|Any CPU
		{56A6A90F-2BB3-4716-B230-CB5ABA303784}.Debug|Any CPU.Build.0 = Debug|Any CPU
		{56A6A90F-2BB3-4716-B230-CB5ABA303784}.Release|Any CPU.ActiveCfg = Release|Any CPU
		{56A6A90F-2BB3-4716-B230-CB5ABA303784}.Release|Any CPU.Build.0 = Release|Any CPU
	EndGlobalSection
	GlobalSection(SolutionProperties) = preSolution
		HideSolutionNode = FALSE
	EndGlobalSection
	GlobalSection(ExtensibilityGlobals) = postSolution
		SolutionGuid = {E893DD68-E60E-47D1-8D41-2A24B45DB5FD}
	EndGlobalSection
EndGlobal
